
Microsoft Visual Studio Solution File, Format Version 12.00
# Visual Studio 14
VisualStudioVersion = 14.0.21901.1
MinimumVisualStudioVersion = 10.0.40219.1
Project("{FAE04EC0-301F-11D3-BF4B-00C04F79EFBC}") = "Panda_20", "Panda_20\Panda_20.csproj", "{C39A2AF4-1E44-48EE-B450-542DB9FEA92D}"
EndProject
Global
	GlobalSection(SolutionConfigurationPlatforms) = preSolution
		CD_ROM|Any CPU = CD_ROM|Any CPU
		Debug|Any CPU = Debug|Any CPU
		DVD-5|Any CPU = DVD-5|Any CPU
		Release|Any CPU = Release|Any CPU
		SingleImage|Any CPU = SingleImage|Any CPU
	EndGlobalSection
	GlobalSection(ProjectConfigurationPlatforms) = postSolution
		{C39A2AF4-1E44-48EE-B450-542DB9FEA92D}.CD_ROM|Any CPU.ActiveCfg = Release|Any CPU
		{C39A2AF4-1E44-48EE-B450-542DB9FEA92D}.CD_ROM|Any CPU.Build.0 = Release|Any CPU
		{C39A2AF4-1E44-48EE-B450-542DB9FEA92D}.Debug|Any CPU.ActiveCfg = Debug|Any CPU
		{C39A2AF4-1E44-48EE-B450-542DB9FEA92D}.Debug|Any CPU.Build.0 = Debug|Any CPU
		{C39A2AF4-1E44-48EE-B450-542DB9FEA92D}.DVD-5|Any CPU.ActiveCfg = Debug|Any CPU
		{C39A2AF4-1E44-48EE-B450-542DB9FEA92D}.DVD-5|Any CPU.Build.0 = Debug|Any CPU
		{C39A2AF4-1E44-48EE-B450-542DB9FEA92D}.Release|Any CPU.ActiveCfg = Release|Any CPU
		{C39A2AF4-1E44-48EE-B450-542DB9FEA92D}.Release|Any CPU.Build.0 = Release|Any CPU
		{C39A2AF4-1E44-48EE-B450-542DB9FEA92D}.SingleImage|Any CPU.ActiveCfg = Release|Any CPU
		{C39A2AF4-1E44-48EE-B450-542DB9FEA92D}.SingleImage|Any CPU.Build.0 = Release|Any CPU
	EndGlobalSection
	GlobalSection(SolutionProperties) = preSolution
		HideSolutionNode = FALSE
	EndGlobalSection
EndGlobal
